
Microsoft Visual Studio Solution File, Format Version 12.00
Project("{FAE04EC0-301F-11D3-BF4B-00C04F79EFBC}") = "CleanArchitecture.Domain", "src\CleanArchitecture.Domain\CleanArchitecture.Domain.csproj", "{239FA9AA-474A-464C-9D48-6C94CD39148C}"
EndProject
Project("{FAE04EC0-301F-11D3-BF4B-00C04F79EFBC}") = "CleanArchitecture.Infrastructure", "src\CleanArchitecture.Infrastructure\CleanArchitecture.Infrastructure.csproj", "{996A66E5-74A7-438F-A628-2BC1130CCFBA}"
EndProject
Project("{FAE04EC0-301F-11D3-BF4B-00C04F79EFBC}") = "CleanArchitecture.Application", "src\CleanArchitecture.Application\CleanArchitecture.Application.csproj", "{89D2970D-40D7-40E4-A356-476C259343A9}"
EndProject
Project("{FAE04EC0-301F-11D3-BF4B-00C04F79EFBC}") = "CleanArchitecture.Api", "src\CleanArchitecture.Api\CleanArchitecture.Api.csproj", "{CB1FB185-620E-46FD-A615-029DD30CDB54}"
EndProject
Project("{FAE04EC0-301F-11D3-BF4B-00C04F79EFBC}") = "CleanArchitecture.Specs", "tests\CleanArchitecture.Specs\CleanArchitecture.Specs.csproj", "{FBA4BF80-098D-478B-9B5D-35208A0EF5DA}"
EndProject
Project("{2150E333-8FDC-42A3-9474-1A3956D46DE8}") = "Solution Items", "Solution Items", "{48C4163B-8FEF-47C5-82C7-566CA9DB34AE}"
	ProjectSection(SolutionItems) = preProject
		README.md = README.md
		httpbin.http = httpbin.http
	EndProjectSection
EndProject
Global
	GlobalSection(SolutionConfigurationPlatforms) = preSolution
		Debug|Any CPU = Debug|Any CPU
		Release|Any CPU = Release|Any CPU
	EndGlobalSection
	GlobalSection(ProjectConfigurationPlatforms) = postSolution
		{239FA9AA-474A-464C-9D48-6C94CD39148C}.Debug|Any CPU.ActiveCfg = Debug|Any CPU
		{239FA9AA-474A-464C-9D48-6C94CD39148C}.Debug|Any CPU.Build.0 = Debug|Any CPU
		{239FA9AA-474A-464C-9D48-6C94CD39148C}.Release|Any CPU.ActiveCfg = Release|Any CPU
		{239FA9AA-474A-464C-9D48-6C94CD39148C}.Release|Any CPU.Build.0 = Release|Any CPU
		{996A66E5-74A7-438F-A628-2BC1130CCFBA}.Debug|Any CPU.ActiveCfg = Debug|Any CPU
		{996A66E5-74A7-438F-A628-2BC1130CCFBA}.Debug|Any CPU.Build.0 = Debug|Any CPU
		{996A66E5-74A7-438F-A628-2BC1130CCFBA}.Release|Any CPU.ActiveCfg = Release|Any CPU
		{996A66E5-74A7-438F-A628-2BC1130CCFBA}.Release|Any CPU.Build.0 = Release|Any CPU
		{89D2970D-40D7-40E4-A356-476C259343A9}.Debug|Any CPU.ActiveCfg = Debug|Any CPU
		{89D2970D-40D7-40E4-A356-476C259343A9}.Debug|Any CPU.Build.0 = Debug|Any CPU
		{89D2970D-40D7-40E4-A356-476C259343A9}.Release|Any CPU.ActiveCfg = Release|Any CPU
		{89D2970D-40D7-40E4-A356-476C259343A9}.Release|Any CPU.Build.0 = Release|Any CPU
		{CB1FB185-620E-46FD-A615-029DD30CDB54}.Debug|Any CPU.ActiveCfg = Debug|Any CPU
		{CB1FB185-620E-46FD-A615-029DD30CDB54}.Debug|Any CPU.Build.0 = Debug|Any CPU
		{CB1FB185-620E-46FD-A615-029DD30CDB54}.Release|Any CPU.ActiveCfg = Release|Any CPU
		{CB1FB185-620E-46FD-A615-029DD30CDB54}.Release|Any CPU.Build.0 = Release|Any CPU
		{FBA4BF80-098D-478B-9B5D-35208A0EF5DA}.Debug|Any CPU.ActiveCfg = Debug|Any CPU
		{FBA4BF80-098D-478B-9B5D-35208A0EF5DA}.Debug|Any CPU.Build.0 = Debug|Any CPU
		{FBA4BF80-098D-478B-9B5D-35208A0EF5DA}.Release|Any CPU.ActiveCfg = Release|Any CPU
		{FBA4BF80-098D-478B-9B5D-35208A0EF5DA}.Release|Any CPU.Build.0 = Release|Any CPU
	EndGlobalSection
EndGlobal
